
Microsoft Visual Studio Solution File, Format Version 12.00
# Visual Studio Version 17
VisualStudioVersion = 17.5.002.0
MinimumVisualStudioVersion = 10.0.40219.1
Project("{9A19103F-16F7-4668-BE54-9A1E7A4F7556}") = "Ventas", "Ventas.csproj", "{759FCE7D-C93E-47E4-AED5-99F6167799B6}"
EndProject
Global
	GlobalSection(SolutionConfigurationPlatforms) = preSolution
		Debug|Any CPU = Debug|Any CPU
		Release|Any CPU = Release|Any CPU
	EndGlobalSection
	GlobalSection(ProjectConfigurationPlatforms) = postSolution
		{759FCE7D-C93E-47E4-AED5-99F6167799B6}.Debug|Any CPU.ActiveCfg = Debug|Any CPU
		{759FCE7D-C93E-47E4-AED5-99F6167799B6}.Debug|Any CPU.Build.0 = Debug|Any CPU
		{759FCE7D-C93E-47E4-AED5-99F6167799B6}.Release|Any CPU.ActiveCfg = Release|Any CPU
		{759FCE7D-C93E-47E4-AED5-99F6167799B6}.Release|Any CPU.Build.0 = Release|Any CPU
	EndGlobalSection
	GlobalSection(SolutionProperties) = preSolution
		HideSolutionNode = FALSE
	EndGlobalSection
	GlobalSection(ExtensibilityGlobals) = postSolution
		SolutionGuid = {25200382-987C-4A40-B8AC-24AF6F7EB66E}
	EndGlobalSection
EndGlobal
